
Microsoft Visual Studio Solution File, Format Version 12.00
# Visual Studio Version 17
VisualStudioVersion = 17.0.32014.148
MinimumVisualStudioVersion = 10.0.40219.1
Project("{9A19103F-16F7-4668-BE54-9A1E7A4F7556}") = "LiveTalkGooMorphSample", "LiveTalkGooMorphSample\LiveTalkGooMorphSample.csproj", "{382E29D7-9B68-4F7F-BE24-7B104D7F0C95}"
EndProject
Global
	GlobalSection(SolutionConfigurationPlatforms) = preSolution
		Debug|Any CPU = Debug|Any CPU
		Release|Any CPU = Release|Any CPU
	EndGlobalSection
	GlobalSection(ProjectConfigurationPlatforms) = postSolution
		{382E29D7-9B68-4F7F-BE24-7B104D7F0C95}.Debug|Any CPU.ActiveCfg = Debug|Any CPU
		{382E29D7-9B68-4F7F-BE24-7B104D7F0C95}.Debug|Any CPU.Build.0 = Debug|Any CPU
		{382E29D7-9B68-4F7F-BE24-7B104D7F0C95}.Release|Any CPU.ActiveCfg = Release|Any CPU
		{382E29D7-9B68-4F7F-BE24-7B104D7F0C95}.Release|Any CPU.Build.0 = Release|Any CPU
	EndGlobalSection
	GlobalSection(SolutionProperties) = preSolution
		HideSolutionNode = FALSE
	EndGlobalSection
	GlobalSection(ExtensibilityGlobals) = postSolution
		SolutionGuid = {D6741072-26D8-4875-98A8-FB2E18853B8E}
	EndGlobalSection
EndGlobal
